
Microsoft Visual Studio Solution File, Format Version 12.00
# Visual Studio Version 17
VisualStudioVersion = 17.14.36202.13
MinimumVisualStudioVersion = 10.0.40219.1
Project("{FAE04EC0-301F-11D3-BF4B-00C04F79EFBC}") = "CarPriceMVC", "CarPriceMVC\CarPriceMVC.csproj", "{BC74994F-589F-4B33-B26D-7DFBF658E0E5}"
EndProject
Project("{2150E333-8FDC-42A3-9474-1A3956D46DE8}") = "Solution Items", "Solution Items", "{02EA681E-C7D8-13C7-8484-4AC65E1B71E8}"
	ProjectSection(SolutionItems) = preProject
		.editorconfig = .editorconfig
	EndProjectSection
EndProject
Global
	GlobalSection(SolutionConfigurationPlatforms) = preSolution
		Debug|Any CPU = Debug|Any CPU
		Release|Any CPU = Release|Any CPU
	EndGlobalSection
	GlobalSection(ProjectConfigurationPlatforms) = postSolution
		{BC74994F-589F-4B33-B26D-7DFBF658E0E5}.Debug|Any CPU.ActiveCfg = Debug|Any CPU
		{BC74994F-589F-4B33-B26D-7DFBF658E0E5}.Debug|Any CPU.Build.0 = Debug|Any CPU
		{BC74994F-589F-4B33-B26D-7DFBF658E0E5}.Release|Any CPU.ActiveCfg = Release|Any CPU
		{BC74994F-589F-4B33-B26D-7DFBF658E0E5}.Release|Any CPU.Build.0 = Release|Any CPU
	EndGlobalSection
	GlobalSection(SolutionProperties) = preSolution
		HideSolutionNode = FALSE
	EndGlobalSection
	GlobalSection(ExtensibilityGlobals) = postSolution
		SolutionGuid = {12124C83-30A5-4E59-BF2A-B89CBA53C473}
	EndGlobalSection
EndGlobal
